
Microsoft Visual Studio Solution File, Format Version 12.00
# Visual Studio Version 17
VisualStudioVersion = 17.0.31903.59
MinimumVisualStudioVersion = 10.0.40219.1
Project("{FAE04EC0-301F-11D3-BF4B-00C04F79EFBC}") = "Ders1", "Ders1\Ders1.csproj", "{C3719B65-5DFE-4505-B82A-43846299CEDB}"
EndProject
Project("{FAE04EC0-301F-11D3-BF4B-00C04F79EFBC}") = "Ders2", "Ders2\Ders2.csproj", "{D2B08C6F-6200-42F7-B86F-F19662515A31}"
EndProject
Project("{FAE04EC0-301F-11D3-BF4B-00C04F79EFBC}") = "ders3_degisken", "ders3_degisken\ders3_degisken.csproj", "{281C58EC-912D-4FEE-B9BC-EECAAD81A305}"
EndProject
Project("{FAE04EC0-301F-11D3-BF4B-00C04F79EFBC}") = "Ders4", "Ders4\Ders4.csproj", "{C56FAD9B-5574-4AA0-ABB5-27CAFDC1B63E}"
EndProject
Project("{FAE04EC0-301F-11D3-BF4B-00C04F79EFBC}") = "der5_ö", "der5_ö\der5_ö.csproj", "{467B4BFB-0046-4F6E-8A23-EF337F27EB01}"
EndProject
Project("{FAE04EC0-301F-11D3-BF4B-00C04F79EFBC}") = "Ders5_ö", "Ders5_ö\Ders5_ö.csproj", "{F0811827-66EA-4D5E-8EE8-A368840EC553}"
EndProject
Project("{FAE04EC0-301F-11D3-BF4B-00C04F79EFBC}") = "Ders6_switchcase", "Ders6_switchcase\Ders6_switchcase.csproj", "{2BFDCFA8-ADD8-4ED3-B8A8-5F5C5CC4F3E8}"
EndProject
Project("{FAE04EC0-301F-11D3-BF4B-00C04F79EFBC}") = "Ders7_devam", "Ders7_devam\Ders7_devam.csproj", "{9915FF38-5644-43A2-9CAC-D54C4BEAD0C4}"
EndProject
Project("{FAE04EC0-301F-11D3-BF4B-00C04F79EFBC}") = "Ders8_terny", "Ders8_terny\Ders8_terny.csproj", "{5004F5B0-AD18-40EE-B142-4642CCFAD427}"
EndProject
Project("{FAE04EC0-301F-11D3-BF4B-00C04F79EFBC}") = "Ders9", "Ders9\Ders9.csproj", "{4C82E968-1783-433E-B794-B8B348C297C4}"
EndProject
Project("{FAE04EC0-301F-11D3-BF4B-00C04F79EFBC}") = "Ders10_forechdöngüsü", "Ders10_forechdöngüsü\Ders10_forechdöngüsü.csproj", "{D5325DBA-461A-4B37-ADBD-9B3C3CE2B92B}"
EndProject
Project("{FAE04EC0-301F-11D3-BF4B-00C04F79EFBC}") = "Ders11_s_method", "Ders11_s_method\Ders11_s_method.csproj", "{5E0D1866-F170-4092-B195-974F9A9707E7}"
EndProject
Project("{FAE04EC0-301F-11D3-BF4B-00C04F79EFBC}") = "Ders12_ö", "Ders12_ö\Ders12_ö.csproj", "{833238AB-E199-422E-A2AE-6C57F2CBB8C0}"
EndProject
Project("{FAE04EC0-301F-11D3-BF4B-00C04F79EFBC}") = "Ders13_Data_time", "Ders13_Data_time\Ders13_Data_time.csproj", "{DDB66460-97BE-413D-8502-C9A9D9C7838E}"
EndProject
Project("{FAE04EC0-301F-11D3-BF4B-00C04F79EFBC}") = "Ders14", "Ders14\Ders14.csproj", "{104D18EB-8E21-40D0-8A4E-A0AA83368ACC}"
EndProject
Project("{FAE04EC0-301F-11D3-BF4B-00C04F79EFBC}") = "Desr15", "Desr15\Desr15.csproj", "{7852EA0C-9A0F-41E0-9C31-493A34330B73}"
EndProject
Project("{FAE04EC0-301F-11D3-BF4B-00C04F79EFBC}") = "DERS16", "DERS16\DERS16.csproj", "{B7A6E09B-E64D-40A6-AE3A-27C7696AF660}"
EndProject
Project("{FAE04EC0-301F-11D3-BF4B-00C04F79EFBC}") = "Ders16_dizi_methode", "Ders16_dizi_methode\Ders16_dizi_methode.csproj", "{D665A8CA-60D7-4BE2-B0F6-6E62DE7B7BAE}"
EndProject
Project("{FAE04EC0-301F-11D3-BF4B-00C04F79EFBC}") = "Ders17_ö", "Ders17_ö\Ders17_ö.csproj", "{07DC75C4-027F-45DF-B037-E88080C0912A}"
EndProject
Project("{FAE04EC0-301F-11D3-BF4B-00C04F79EFBC}") = "Ders18_ç_b_dizi", "Ders18_ç_b_dizi\Ders18_ç_b_dizi.csproj", "{D5910AC9-BFD9-4AC9-97D4-C9D269D49E7E}"
EndProject
Project("{FAE04EC0-301F-11D3-BF4B-00C04F79EFBC}") = "Ders19_random_m", "Ders19_random_m\Ders19_random_m.csproj", "{6C32766E-4AEB-43C1-B8EC-A988FC977ED3}"
EndProject
Project("{FAE04EC0-301F-11D3-BF4B-00C04F79EFBC}") = "Ders20", "Ders20\Ders20.csproj", "{E7AC0E07-DC0C-4AEF-B998-B0F6AF8DB528}"
EndProject
Project("{FAE04EC0-301F-11D3-BF4B-00C04F79EFBC}") = "ders_21_class", "ders_21_class\ders_21_class.csproj", "{0367C00C-4517-47C1-8549-5DC82B1F98D1}"
EndProject
Project("{FAE04EC0-301F-11D3-BF4B-00C04F79EFBC}") = "ClassLibrary1", "ClassLibrary1\ClassLibrary1.csproj", "{7CF251B5-85B8-4456-BF0F-C3B885C736E7}"
EndProject
Project("{FAE04EC0-301F-11D3-BF4B-00C04F79EFBC}") = "RazorClassLibrary1", "RazorClassLibrary1\RazorClassLibrary1.csproj", "{EEA3DF2C-6639-4102-B661-90E12E5A23D8}"
EndProject
Project("{FAE04EC0-301F-11D3-BF4B-00C04F79EFBC}") = "WebApplication1", "WebApplication1\WebApplication1.csproj", "{759491A0-9D45-45A8-BC86-0186A82A6FE0}"
EndProject
Global
	GlobalSection(SolutionConfigurationPlatforms) = preSolution
		Debug|Any CPU = Debug|Any CPU
		Release|Any CPU = Release|Any CPU
	EndGlobalSection
	GlobalSection(SolutionProperties) = preSolution
		HideSolutionNode = FALSE
	EndGlobalSection
	GlobalSection(ProjectConfigurationPlatforms) = postSolution
		{C3719B65-5DFE-4505-B82A-43846299CEDB}.Debug|Any CPU.ActiveCfg = Debug|Any CPU
		{C3719B65-5DFE-4505-B82A-43846299CEDB}.Debug|Any CPU.Build.0 = Debug|Any CPU
		{C3719B65-5DFE-4505-B82A-43846299CEDB}.Release|Any CPU.ActiveCfg = Release|Any CPU
		{C3719B65-5DFE-4505-B82A-43846299CEDB}.Release|Any CPU.Build.0 = Release|Any CPU
		{D2B08C6F-6200-42F7-B86F-F19662515A31}.Debug|Any CPU.ActiveCfg = Debug|Any CPU
		{D2B08C6F-6200-42F7-B86F-F19662515A31}.Debug|Any CPU.Build.0 = Debug|Any CPU
		{D2B08C6F-6200-42F7-B86F-F19662515A31}.Release|Any CPU.ActiveCfg = Release|Any CPU
		{D2B08C6F-6200-42F7-B86F-F19662515A31}.Release|Any CPU.Build.0 = Release|Any CPU
		{281C58EC-912D-4FEE-B9BC-EECAAD81A305}.Debug|Any CPU.ActiveCfg = Debug|Any CPU
		{281C58EC-912D-4FEE-B9BC-EECAAD81A305}.Debug|Any CPU.Build.0 = Debug|Any CPU
		{281C58EC-912D-4FEE-B9BC-EECAAD81A305}.Release|Any CPU.ActiveCfg = Release|Any CPU
		{281C58EC-912D-4FEE-B9BC-EECAAD81A305}.Release|Any CPU.Build.0 = Release|Any CPU
		{C56FAD9B-5574-4AA0-ABB5-27CAFDC1B63E}.Debug|Any CPU.ActiveCfg = Debug|Any CPU
		{C56FAD9B-5574-4AA0-ABB5-27CAFDC1B63E}.Debug|Any CPU.Build.0 = Debug|Any CPU
		{C56FAD9B-5574-4AA0-ABB5-27CAFDC1B63E}.Release|Any CPU.ActiveCfg = Release|Any CPU
		{C56FAD9B-5574-4AA0-ABB5-27CAFDC1B63E}.Release|Any CPU.Build.0 = Release|Any CPU
		{467B4BFB-0046-4F6E-8A23-EF337F27EB01}.Debug|Any CPU.ActiveCfg = Debug|Any CPU
		{467B4BFB-0046-4F6E-8A23-EF337F27EB01}.Debug|Any CPU.Build.0 = Debug|Any CPU
		{467B4BFB-0046-4F6E-8A23-EF337F27EB01}.Release|Any CPU.ActiveCfg = Release|Any CPU
		{467B4BFB-0046-4F6E-8A23-EF337F27EB01}.Release|Any CPU.Build.0 = Release|Any CPU
		{F0811827-66EA-4D5E-8EE8-A368840EC553}.Debug|Any CPU.ActiveCfg = Debug|Any CPU
		{F0811827-66EA-4D5E-8EE8-A368840EC553}.Debug|Any CPU.Build.0 = Debug|Any CPU
		{F0811827-66EA-4D5E-8EE8-A368840EC553}.Release|Any CPU.ActiveCfg = Release|Any CPU
		{F0811827-66EA-4D5E-8EE8-A368840EC553}.Release|Any CPU.Build.0 = Release|Any CPU
		{2BFDCFA8-ADD8-4ED3-B8A8-5F5C5CC4F3E8}.Debug|Any CPU.ActiveCfg = Debug|Any CPU
		{2BFDCFA8-ADD8-4ED3-B8A8-5F5C5CC4F3E8}.Debug|Any CPU.Build.0 = Debug|Any CPU
		{2BFDCFA8-ADD8-4ED3-B8A8-5F5C5CC4F3E8}.Release|Any CPU.ActiveCfg = Release|Any CPU
		{2BFDCFA8-ADD8-4ED3-B8A8-5F5C5CC4F3E8}.Release|Any CPU.Build.0 = Release|Any CPU
		{9915FF38-5644-43A2-9CAC-D54C4BEAD0C4}.Debug|Any CPU.ActiveCfg = Debug|Any CPU
		{9915FF38-5644-43A2-9CAC-D54C4BEAD0C4}.Debug|Any CPU.Build.0 = Debug|Any CPU
		{9915FF38-5644-43A2-9CAC-D54C4BEAD0C4}.Release|Any CPU.ActiveCfg = Release|Any CPU
		{9915FF38-5644-43A2-9CAC-D54C4BEAD0C4}.Release|Any CPU.Build.0 = Release|Any CPU
		{5004F5B0-AD18-40EE-B142-4642CCFAD427}.Debug|Any CPU.ActiveCfg = Debug|Any CPU
		{5004F5B0-AD18-40EE-B142-4642CCFAD427}.Debug|Any CPU.Build.0 = Debug|Any CPU
		{5004F5B0-AD18-40EE-B142-4642CCFAD427}.Release|Any CPU.ActiveCfg = Release|Any CPU
		{5004F5B0-AD18-40EE-B142-4642CCFAD427}.Release|Any CPU.Build.0 = Release|Any CPU
		{4C82E968-1783-433E-B794-B8B348C297C4}.Debug|Any CPU.ActiveCfg = Debug|Any CPU
		{4C82E968-1783-433E-B794-B8B348C297C4}.Debug|Any CPU.Build.0 = Debug|Any CPU
		{4C82E968-1783-433E-B794-B8B348C297C4}.Release|Any CPU.ActiveCfg = Release|Any CPU
		{4C82E968-1783-433E-B794-B8B348C297C4}.Release|Any CPU.Build.0 = Release|Any CPU
		{D5325DBA-461A-4B37-ADBD-9B3C3CE2B92B}.Debug|Any CPU.ActiveCfg = Debug|Any CPU
		{D5325DBA-461A-4B37-ADBD-9B3C3CE2B92B}.Debug|Any CPU.Build.0 = Debug|Any CPU
		{D5325DBA-461A-4B37-ADBD-9B3C3CE2B92B}.Release|Any CPU.ActiveCfg = Release|Any CPU
		{D5325DBA-461A-4B37-ADBD-9B3C3CE2B92B}.Release|Any CPU.Build.0 = Release|Any CPU
		{5E0D1866-F170-4092-B195-974F9A9707E7}.Debug|Any CPU.ActiveCfg = Debug|Any CPU
		{5E0D1866-F170-4092-B195-974F9A9707E7}.Debug|Any CPU.Build.0 = Debug|Any CPU
		{5E0D1866-F170-4092-B195-974F9A9707E7}.Release|Any CPU.ActiveCfg = Release|Any CPU
		{5E0D1866-F170-4092-B195-974F9A9707E7}.Release|Any CPU.Build.0 = Release|Any CPU
		{833238AB-E199-422E-A2AE-6C57F2CBB8C0}.Debug|Any CPU.ActiveCfg = Debug|Any CPU
		{833238AB-E199-422E-A2AE-6C57F2CBB8C0}.Debug|Any CPU.Build.0 = Debug|Any CPU
		{833238AB-E199-422E-A2AE-6C57F2CBB8C0}.Release|Any CPU.ActiveCfg = Release|Any CPU
		{833238AB-E199-422E-A2AE-6C57F2CBB8C0}.Release|Any CPU.Build.0 = Release|Any CPU
		{DDB66460-97BE-413D-8502-C9A9D9C7838E}.Debug|Any CPU.ActiveCfg = Debug|Any CPU
		{DDB66460-97BE-413D-8502-C9A9D9C7838E}.Debug|Any CPU.Build.0 = Debug|Any CPU
		{DDB66460-97BE-413D-8502-C9A9D9C7838E}.Release|Any CPU.ActiveCfg = Release|Any CPU
		{DDB66460-97BE-413D-8502-C9A9D9C7838E}.Release|Any CPU.Build.0 = Release|Any CPU
		{104D18EB-8E21-40D0-8A4E-A0AA83368ACC}.Debug|Any CPU.ActiveCfg = Debug|Any CPU
		{104D18EB-8E21-40D0-8A4E-A0AA83368ACC}.Debug|Any CPU.Build.0 = Debug|Any CPU
		{104D18EB-8E21-40D0-8A4E-A0AA83368ACC}.Release|Any CPU.ActiveCfg = Release|Any CPU
		{104D18EB-8E21-40D0-8A4E-A0AA83368ACC}.Release|Any CPU.Build.0 = Release|Any CPU
		{7852EA0C-9A0F-41E0-9C31-493A34330B73}.Debug|Any CPU.ActiveCfg = Debug|Any CPU
		{7852EA0C-9A0F-41E0-9C31-493A34330B73}.Debug|Any CPU.Build.0 = Debug|Any CPU
		{7852EA0C-9A0F-41E0-9C31-493A34330B73}.Release|Any CPU.ActiveCfg = Release|Any CPU
		{7852EA0C-9A0F-41E0-9C31-493A34330B73}.Release|Any CPU.Build.0 = Release|Any CPU
		{B7A6E09B-E64D-40A6-AE3A-27C7696AF660}.Debug|Any CPU.ActiveCfg = Debug|Any CPU
		{B7A6E09B-E64D-40A6-AE3A-27C7696AF660}.Debug|Any CPU.Build.0 = Debug|Any CPU
		{B7A6E09B-E64D-40A6-AE3A-27C7696AF660}.Release|Any CPU.ActiveCfg = Release|Any CPU
		{B7A6E09B-E64D-40A6-AE3A-27C7696AF660}.Release|Any CPU.Build.0 = Release|Any CPU
		{D665A8CA-60D7-4BE2-B0F6-6E62DE7B7BAE}.Debug|Any CPU.ActiveCfg = Debug|Any CPU
		{D665A8CA-60D7-4BE2-B0F6-6E62DE7B7BAE}.Debug|Any CPU.Build.0 = Debug|Any CPU
		{D665A8CA-60D7-4BE2-B0F6-6E62DE7B7BAE}.Release|Any CPU.ActiveCfg = Release|Any CPU
		{D665A8CA-60D7-4BE2-B0F6-6E62DE7B7BAE}.Release|Any CPU.Build.0 = Release|Any CPU
		{07DC75C4-027F-45DF-B037-E88080C0912A}.Debug|Any CPU.ActiveCfg = Debug|Any CPU
		{07DC75C4-027F-45DF-B037-E88080C0912A}.Debug|Any CPU.Build.0 = Debug|Any CPU
		{07DC75C4-027F-45DF-B037-E88080C0912A}.Release|Any CPU.ActiveCfg = Release|Any CPU
		{07DC75C4-027F-45DF-B037-E88080C0912A}.Release|Any CPU.Build.0 = Release|Any CPU
		{D5910AC9-BFD9-4AC9-97D4-C9D269D49E7E}.Debug|Any CPU.ActiveCfg = Debug|Any CPU
		{D5910AC9-BFD9-4AC9-97D4-C9D269D49E7E}.Debug|Any CPU.Build.0 = Debug|Any CPU
		{D5910AC9-BFD9-4AC9-97D4-C9D269D49E7E}.Release|Any CPU.ActiveCfg = Release|Any CPU
		{D5910AC9-BFD9-4AC9-97D4-C9D269D49E7E}.Release|Any CPU.Build.0 = Release|Any CPU
		{6C32766E-4AEB-43C1-B8EC-A988FC977ED3}.Debug|Any CPU.ActiveCfg = Debug|Any CPU
		{6C32766E-4AEB-43C1-B8EC-A988FC977ED3}.Debug|Any CPU.Build.0 = Debug|Any CPU
		{6C32766E-4AEB-43C1-B8EC-A988FC977ED3}.Release|Any CPU.ActiveCfg = Release|Any CPU
		{6C32766E-4AEB-43C1-B8EC-A988FC977ED3}.Release|Any CPU.Build.0 = Release|Any CPU
		{E7AC0E07-DC0C-4AEF-B998-B0F6AF8DB528}.Debug|Any CPU.ActiveCfg = Debug|Any CPU
		{E7AC0E07-DC0C-4AEF-B998-B0F6AF8DB528}.Debug|Any CPU.Build.0 = Debug|Any CPU
		{E7AC0E07-DC0C-4AEF-B998-B0F6AF8DB528}.Release|Any CPU.ActiveCfg = Release|Any CPU
		{E7AC0E07-DC0C-4AEF-B998-B0F6AF8DB528}.Release|Any CPU.Build.0 = Release|Any CPU
		{0367C00C-4517-47C1-8549-5DC82B1F98D1}.Debug|Any CPU.ActiveCfg = Debug|Any CPU
		{0367C00C-4517-47C1-8549-5DC82B1F98D1}.Debug|Any CPU.Build.0 = Debug|Any CPU
		{0367C00C-4517-47C1-8549-5DC82B1F98D1}.Release|Any CPU.ActiveCfg = Release|Any CPU
		{0367C00C-4517-47C1-8549-5DC82B1F98D1}.Release|Any CPU.Build.0 = Release|Any CPU
		{7CF251B5-85B8-4456-BF0F-C3B885C736E7}.Debug|Any CPU.ActiveCfg = Debug|Any CPU
		{7CF251B5-85B8-4456-BF0F-C3B885C736E7}.Debug|Any CPU.Build.0 = Debug|Any CPU
		{7CF251B5-85B8-4456-BF0F-C3B885C736E7}.Release|Any CPU.ActiveCfg = Release|Any CPU
		{7CF251B5-85B8-4456-BF0F-C3B885C736E7}.Release|Any CPU.Build.0 = Release|Any CPU
		{EEA3DF2C-6639-4102-B661-90E12E5A23D8}.Debug|Any CPU.ActiveCfg = Debug|Any CPU
		{EEA3DF2C-6639-4102-B661-90E12E5A23D8}.Debug|Any CPU.Build.0 = Debug|Any CPU
		{EEA3DF2C-6639-4102-B661-90E12E5A23D8}.Release|Any CPU.ActiveCfg = Release|Any CPU
		{EEA3DF2C-6639-4102-B661-90E12E5A23D8}.Release|Any CPU.Build.0 = Release|Any CPU
		{759491A0-9D45-45A8-BC86-0186A82A6FE0}.Debug|Any CPU.ActiveCfg = Debug|Any CPU
		{759491A0-9D45-45A8-BC86-0186A82A6FE0}.Debug|Any CPU.Build.0 = Debug|Any CPU
		{759491A0-9D45-45A8-BC86-0186A82A6FE0}.Release|Any CPU.ActiveCfg = Release|Any CPU
		{759491A0-9D45-45A8-BC86-0186A82A6FE0}.Release|Any CPU.Build.0 = Release|Any CPU
	EndGlobalSection
EndGlobal
