
Microsoft Visual Studio Solution File, Format Version 12.00
# Visual Studio Version 17
VisualStudioVersion = 17.14.36221.1 d17.14
MinimumVisualStudioVersion = 10.0.40219.1
Project("{FAE04EC0-301F-11D3-BF4B-00C04F79EFBC}") = "Project4", "Project4\Project4.csproj", "{3CFBBB92-AEB7-47D9-ABD5-BDE82629DB9A}"
EndProject
Global
	GlobalSection(SolutionConfigurationPlatforms) = preSolution
		Debug|Any CPU = Debug|Any CPU
		Release|Any CPU = Release|Any CPU
	EndGlobalSection
	GlobalSection(ProjectConfigurationPlatforms) = postSolution
		{3CFBBB92-AEB7-47D9-ABD5-BDE82629DB9A}.Debug|Any CPU.ActiveCfg = Debug|Any CPU
		{3CFBBB92-AEB7-47D9-ABD5-BDE82629DB9A}.Debug|Any CPU.Build.0 = Debug|Any CPU
		{3CFBBB92-AEB7-47D9-ABD5-BDE82629DB9A}.Release|Any CPU.ActiveCfg = Release|Any CPU
		{3CFBBB92-AEB7-47D9-ABD5-BDE82629DB9A}.Release|Any CPU.Build.0 = Release|Any CPU
	EndGlobalSection
	GlobalSection(SolutionProperties) = preSolution
		HideSolutionNode = FALSE
	EndGlobalSection
	GlobalSection(ExtensibilityGlobals) = postSolution
		SolutionGuid = {B4490B15-6027-4AD7-8B9F-DBC9506AE336}
	EndGlobalSection
EndGlobal
