
Microsoft Visual Studio Solution File, Format Version 12.00
# Visual Studio Version 17
VisualStudioVersion = 17.14.36221.1 d17.14
MinimumVisualStudioVersion = 10.0.40219.1
Project("{FAE04EC0-301F-11D3-BF4B-00C04F79EFBC}") = "kendiçalısmam", "kendiçalısmam\kendiçalısmam.csproj", "{A3760FEE-38DC-4421-9F98-01F56B85372D}"
EndProject
Global
	GlobalSection(SolutionConfigurationPlatforms) = preSolution
		Debug|Any CPU = Debug|Any CPU
		Release|Any CPU = Release|Any CPU
	EndGlobalSection
	GlobalSection(ProjectConfigurationPlatforms) = postSolution
		{A3760FEE-38DC-4421-9F98-01F56B85372D}.Debug|Any CPU.ActiveCfg = Debug|Any CPU
		{A3760FEE-38DC-4421-9F98-01F56B85372D}.Debug|Any CPU.Build.0 = Debug|Any CPU
		{A3760FEE-38DC-4421-9F98-01F56B85372D}.Release|Any CPU.ActiveCfg = Release|Any CPU
		{A3760FEE-38DC-4421-9F98-01F56B85372D}.Release|Any CPU.Build.0 = Release|Any CPU
	EndGlobalSection
	GlobalSection(SolutionProperties) = preSolution
		HideSolutionNode = FALSE
	EndGlobalSection
	GlobalSection(ExtensibilityGlobals) = postSolution
		SolutionGuid = {31F83747-1254-42EF-8A1A-1B9A2411869E}
	EndGlobalSection
EndGlobal
