
Microsoft Visual Studio Solution File, Format Version 12.00
# Visual Studio Version 17
VisualStudioVersion = 17.0.31903.59
MinimumVisualStudioVersion = 10.0.40219.1
Project("{FAE04EC0-301F-11D3-BF4B-00C04F79EFBC}") = "ö_1", "ö_1\ö_1.csproj", "{D53BA75A-053A-4E4C-ACEC-A843F75C117C}"
EndProject
Project("{FAE04EC0-301F-11D3-BF4B-00C04F79EFBC}") = "ö_2", "ö_2\ö_2.csproj", "{7387F316-C7A8-436A-B51B-D433965B9B9D}"
EndProject
Project("{FAE04EC0-301F-11D3-BF4B-00C04F79EFBC}") = "ö_3", "ö_3\ö_3.csproj", "{4CA21123-45CD-4EB5-AEBF-18BFFF46CAF0}"
EndProject
Project("{FAE04EC0-301F-11D3-BF4B-00C04F79EFBC}") = "ö_4", "ö_4\ö_4.csproj", "{A4EE7495-2579-48E7-B8F2-1224F5525CAB}"
EndProject
Project("{FAE04EC0-301F-11D3-BF4B-00C04F79EFBC}") = "ö_5", "ö_5\ö_5.csproj", "{B8BCEA3C-C66D-4654-A99F-6062BF8F8D11}"
EndProject
Project("{FAE04EC0-301F-11D3-BF4B-00C04F79EFBC}") = "ö_6", "ö_6\ö_6.csproj", "{E773D7AF-6264-4B52-9E32-23CBC1908389}"
EndProject
Project("{FAE04EC0-301F-11D3-BF4B-00C04F79EFBC}") = "ö_7", "ö_7\ö_7.csproj", "{DAA23580-EB38-4E9C-8DBC-222D81AEEEDF}"
EndProject
Project("{FAE04EC0-301F-11D3-BF4B-00C04F79EFBC}") = "ö_8", "ö_8\ö_8.csproj", "{9580CD2A-A3DC-4713-BB14-9F287E3A0C6F}"
EndProject
Project("{FAE04EC0-301F-11D3-BF4B-00C04F79EFBC}") = "ö_9", "ö_9\ö_9.csproj", "{05EE1F72-B289-449A-BDE9-B04BB16AE53B}"
EndProject
Project("{FAE04EC0-301F-11D3-BF4B-00C04F79EFBC}") = "ö_10", "ö_10\ö_10.csproj", "{8DE6AE0C-FA43-4F64-93B1-2D4089DA338B}"
EndProject
Project("{FAE04EC0-301F-11D3-BF4B-00C04F79EFBC}") = "ö_11", "ö_11\ö_11.csproj", "{967EBDB8-3722-4CFF-B10B-DFAD93F2E136}"
EndProject
Project("{FAE04EC0-301F-11D3-BF4B-00C04F79EFBC}") = "ö_12_tahmi_komplexs", "ö_12_tahmi_komplexs\ö_12_tahmi_komplexs.csproj", "{2F56AEFF-8360-4A15-8168-4843A4F547CC}"
EndProject
Global
	GlobalSection(SolutionConfigurationPlatforms) = preSolution
		Debug|Any CPU = Debug|Any CPU
		Release|Any CPU = Release|Any CPU
	EndGlobalSection
	GlobalSection(SolutionProperties) = preSolution
		HideSolutionNode = FALSE
	EndGlobalSection
	GlobalSection(ProjectConfigurationPlatforms) = postSolution
		{D53BA75A-053A-4E4C-ACEC-A843F75C117C}.Debug|Any CPU.ActiveCfg = Debug|Any CPU
		{D53BA75A-053A-4E4C-ACEC-A843F75C117C}.Debug|Any CPU.Build.0 = Debug|Any CPU
		{D53BA75A-053A-4E4C-ACEC-A843F75C117C}.Release|Any CPU.ActiveCfg = Release|Any CPU
		{D53BA75A-053A-4E4C-ACEC-A843F75C117C}.Release|Any CPU.Build.0 = Release|Any CPU
		{7387F316-C7A8-436A-B51B-D433965B9B9D}.Debug|Any CPU.ActiveCfg = Debug|Any CPU
		{7387F316-C7A8-436A-B51B-D433965B9B9D}.Debug|Any CPU.Build.0 = Debug|Any CPU
		{7387F316-C7A8-436A-B51B-D433965B9B9D}.Release|Any CPU.ActiveCfg = Release|Any CPU
		{7387F316-C7A8-436A-B51B-D433965B9B9D}.Release|Any CPU.Build.0 = Release|Any CPU
		{4CA21123-45CD-4EB5-AEBF-18BFFF46CAF0}.Debug|Any CPU.ActiveCfg = Debug|Any CPU
		{4CA21123-45CD-4EB5-AEBF-18BFFF46CAF0}.Debug|Any CPU.Build.0 = Debug|Any CPU
		{4CA21123-45CD-4EB5-AEBF-18BFFF46CAF0}.Release|Any CPU.ActiveCfg = Release|Any CPU
		{4CA21123-45CD-4EB5-AEBF-18BFFF46CAF0}.Release|Any CPU.Build.0 = Release|Any CPU
		{A4EE7495-2579-48E7-B8F2-1224F5525CAB}.Debug|Any CPU.ActiveCfg = Debug|Any CPU
		{A4EE7495-2579-48E7-B8F2-1224F5525CAB}.Debug|Any CPU.Build.0 = Debug|Any CPU
		{A4EE7495-2579-48E7-B8F2-1224F5525CAB}.Release|Any CPU.ActiveCfg = Release|Any CPU
		{A4EE7495-2579-48E7-B8F2-1224F5525CAB}.Release|Any CPU.Build.0 = Release|Any CPU
		{B8BCEA3C-C66D-4654-A99F-6062BF8F8D11}.Debug|Any CPU.ActiveCfg = Debug|Any CPU
		{B8BCEA3C-C66D-4654-A99F-6062BF8F8D11}.Debug|Any CPU.Build.0 = Debug|Any CPU
		{B8BCEA3C-C66D-4654-A99F-6062BF8F8D11}.Release|Any CPU.ActiveCfg = Release|Any CPU
		{B8BCEA3C-C66D-4654-A99F-6062BF8F8D11}.Release|Any CPU.Build.0 = Release|Any CPU
		{E773D7AF-6264-4B52-9E32-23CBC1908389}.Debug|Any CPU.ActiveCfg = Debug|Any CPU
		{E773D7AF-6264-4B52-9E32-23CBC1908389}.Debug|Any CPU.Build.0 = Debug|Any CPU
		{E773D7AF-6264-4B52-9E32-23CBC1908389}.Release|Any CPU.ActiveCfg = Release|Any CPU
		{E773D7AF-6264-4B52-9E32-23CBC1908389}.Release|Any CPU.Build.0 = Release|Any CPU
		{DAA23580-EB38-4E9C-8DBC-222D81AEEEDF}.Debug|Any CPU.ActiveCfg = Debug|Any CPU
		{DAA23580-EB38-4E9C-8DBC-222D81AEEEDF}.Debug|Any CPU.Build.0 = Debug|Any CPU
		{DAA23580-EB38-4E9C-8DBC-222D81AEEEDF}.Release|Any CPU.ActiveCfg = Release|Any CPU
		{DAA23580-EB38-4E9C-8DBC-222D81AEEEDF}.Release|Any CPU.Build.0 = Release|Any CPU
		{9580CD2A-A3DC-4713-BB14-9F287E3A0C6F}.Debug|Any CPU.ActiveCfg = Debug|Any CPU
		{9580CD2A-A3DC-4713-BB14-9F287E3A0C6F}.Debug|Any CPU.Build.0 = Debug|Any CPU
		{9580CD2A-A3DC-4713-BB14-9F287E3A0C6F}.Release|Any CPU.ActiveCfg = Release|Any CPU
		{9580CD2A-A3DC-4713-BB14-9F287E3A0C6F}.Release|Any CPU.Build.0 = Release|Any CPU
		{05EE1F72-B289-449A-BDE9-B04BB16AE53B}.Debug|Any CPU.ActiveCfg = Debug|Any CPU
		{05EE1F72-B289-449A-BDE9-B04BB16AE53B}.Debug|Any CPU.Build.0 = Debug|Any CPU
		{05EE1F72-B289-449A-BDE9-B04BB16AE53B}.Release|Any CPU.ActiveCfg = Release|Any CPU
		{05EE1F72-B289-449A-BDE9-B04BB16AE53B}.Release|Any CPU.Build.0 = Release|Any CPU
		{8DE6AE0C-FA43-4F64-93B1-2D4089DA338B}.Debug|Any CPU.ActiveCfg = Debug|Any CPU
		{8DE6AE0C-FA43-4F64-93B1-2D4089DA338B}.Debug|Any CPU.Build.0 = Debug|Any CPU
		{8DE6AE0C-FA43-4F64-93B1-2D4089DA338B}.Release|Any CPU.ActiveCfg = Release|Any CPU
		{8DE6AE0C-FA43-4F64-93B1-2D4089DA338B}.Release|Any CPU.Build.0 = Release|Any CPU
		{967EBDB8-3722-4CFF-B10B-DFAD93F2E136}.Debug|Any CPU.ActiveCfg = Debug|Any CPU
		{967EBDB8-3722-4CFF-B10B-DFAD93F2E136}.Debug|Any CPU.Build.0 = Debug|Any CPU
		{967EBDB8-3722-4CFF-B10B-DFAD93F2E136}.Release|Any CPU.ActiveCfg = Release|Any CPU
		{967EBDB8-3722-4CFF-B10B-DFAD93F2E136}.Release|Any CPU.Build.0 = Release|Any CPU
		{2F56AEFF-8360-4A15-8168-4843A4F547CC}.Debug|Any CPU.ActiveCfg = Debug|Any CPU
		{2F56AEFF-8360-4A15-8168-4843A4F547CC}.Debug|Any CPU.Build.0 = Debug|Any CPU
		{2F56AEFF-8360-4A15-8168-4843A4F547CC}.Release|Any CPU.ActiveCfg = Release|Any CPU
		{2F56AEFF-8360-4A15-8168-4843A4F547CC}.Release|Any CPU.Build.0 = Release|Any CPU
	EndGlobalSection
EndGlobal
